
Microsoft Visual Studio Solution File, Format Version 12.00
# Visual Studio Version 17
VisualStudioVersion = 17.5.33530.505
MinimumVisualStudioVersion = 10.0.40219.1
Project("{FAE04EC0-301F-11D3-BF4B-00C04F79EFBC}") = "cyber_project", "cyber_project\cyber_project.csproj", "{B369FF06-7531-4F65-85E3-AC8CC8E8F2B2}"
EndProject
Global
	GlobalSection(SolutionConfigurationPlatforms) = preSolution
		Debug|Any CPU = Debug|Any CPU
		Release|Any CPU = Release|Any CPU
	EndGlobalSection
	GlobalSection(ProjectConfigurationPlatforms) = postSolution
		{B369FF06-7531-4F65-85E3-AC8CC8E8F2B2}.Debug|Any CPU.ActiveCfg = Debug|Any CPU
		{B369FF06-7531-4F65-85E3-AC8CC8E8F2B2}.Debug|Any CPU.Build.0 = Debug|Any CPU
		{B369FF06-7531-4F65-85E3-AC8CC8E8F2B2}.Release|Any CPU.ActiveCfg = Release|Any CPU
		{B369FF06-7531-4F65-85E3-AC8CC8E8F2B2}.Release|Any CPU.Build.0 = Release|Any CPU
	EndGlobalSection
	GlobalSection(SolutionProperties) = preSolution
		HideSolutionNode = FALSE
	EndGlobalSection
	GlobalSection(ExtensibilityGlobals) = postSolution
		SolutionGuid = {B4C7F6D7-5E39-4600-BE2F-98DE7D2B8CA4}
	EndGlobalSection
EndGlobal
